
Microsoft Visual Studio Solution File, Format Version 12.00
# Visual Studio 15
VisualStudioVersion = 15.0.27428.2037
MinimumVisualStudioVersion = 10.0.40219.1
Project("{8BC9CEB8-8B4A-11D0-8D11-00A0C91BC942}") = "SERVERwin32", "SERVERwin32\SERVERwin32.vcxproj", "{AE22B8CD-F4A2-41E2-8C26-A2BA388FDD04}"
	ProjectSection(ProjectDependencies) = postProject
		{A5CCE505-8417-4658-88A6-92B415D97D2F} = {A5CCE505-8417-4658-88A6-92B415D97D2F}
	EndProjectSection
EndProject
Project("{8BC9CEB8-8B4A-11D0-8D11-00A0C91BC942}") = "CLIENTwin32", "CLIENTwin32\CLIENTwin32.vcxproj", "{55F7806E-FD44-4EDA-BE3E-2A1C1A3735B1}"
EndProject
Project("{8BC9CEB8-8B4A-11D0-8D11-00A0C91BC942}") = "GATEWAYconsole", "GATEWAYconsole\GATEWAYconsole.vcxproj", "{7DC61B8E-3BCE-49C9-89D5-F001118FEAAA}"
EndProject
Project("{8BC9CEB8-8B4A-11D0-8D11-00A0C91BC942}") = "DLL", "DLL\DLL.vcxproj", "{A5CCE505-8417-4658-88A6-92B415D97D2F}"
EndProject
Global
	GlobalSection(SolutionConfigurationPlatforms) = preSolution
		Debug|x64 = Debug|x64
		Debug|x86 = Debug|x86
		Release|x64 = Release|x64
		Release|x86 = Release|x86
	EndGlobalSection
	GlobalSection(ProjectConfigurationPlatforms) = postSolution
		{AE22B8CD-F4A2-41E2-8C26-A2BA388FDD04}.Debug|x64.ActiveCfg = Debug|x64
		{AE22B8CD-F4A2-41E2-8C26-A2BA388FDD04}.Debug|x64.Build.0 = Debug|x64
		{AE22B8CD-F4A2-41E2-8C26-A2BA388FDD04}.Debug|x86.ActiveCfg = Debug|Win32
		{AE22B8CD-F4A2-41E2-8C26-A2BA388FDD04}.Debug|x86.Build.0 = Debug|Win32
		{AE22B8CD-F4A2-41E2-8C26-A2BA388FDD04}.Release|x64.ActiveCfg = Release|x64
		{AE22B8CD-F4A2-41E2-8C26-A2BA388FDD04}.Release|x64.Build.0 = Release|x64
		{AE22B8CD-F4A2-41E2-8C26-A2BA388FDD04}.Release|x86.ActiveCfg = Release|Win32
		{AE22B8CD-F4A2-41E2-8C26-A2BA388FDD04}.Release|x86.Build.0 = Release|Win32
		{55F7806E-FD44-4EDA-BE3E-2A1C1A3735B1}.Debug|x64.ActiveCfg = Debug|x64
		{55F7806E-FD44-4EDA-BE3E-2A1C1A3735B1}.Debug|x64.Build.0 = Debug|x64
		{55F7806E-FD44-4EDA-BE3E-2A1C1A3735B1}.Debug|x86.ActiveCfg = Debug|Win32
		{55F7806E-FD44-4EDA-BE3E-2A1C1A3735B1}.Debug|x86.Build.0 = Debug|Win32
		{55F7806E-FD44-4EDA-BE3E-2A1C1A3735B1}.Release|x64.ActiveCfg = Release|x64
		{55F7806E-FD44-4EDA-BE3E-2A1C1A3735B1}.Release|x64.Build.0 = Release|x64
		{55F7806E-FD44-4EDA-BE3E-2A1C1A3735B1}.Release|x86.ActiveCfg = Release|Win32
		{55F7806E-FD44-4EDA-BE3E-2A1C1A3735B1}.Release|x86.Build.0 = Release|Win32
		{7DC61B8E-3BCE-49C9-89D5-F001118FEAAA}.Debug|x64.ActiveCfg = Debug|x64
		{7DC61B8E-3BCE-49C9-89D5-F001118FEAAA}.Debug|x64.Build.0 = Debug|x64
		{7DC61B8E-3BCE-49C9-89D5-F001118FEAAA}.Debug|x86.ActiveCfg = Debug|Win32
		{7DC61B8E-3BCE-49C9-89D5-F001118FEAAA}.Debug|x86.Build.0 = Debug|Win32
		{7DC61B8E-3BCE-49C9-89D5-F001118FEAAA}.Release|x64.ActiveCfg = Release|x64
		{7DC61B8E-3BCE-49C9-89D5-F001118FEAAA}.Release|x64.Build.0 = Release|x64
		{7DC61B8E-3BCE-49C9-89D5-F001118FEAAA}.Release|x86.ActiveCfg = Release|Win32
		{7DC61B8E-3BCE-49C9-89D5-F001118FEAAA}.Release|x86.Build.0 = Release|Win32
		{A5CCE505-8417-4658-88A6-92B415D97D2F}.Debug|x64.ActiveCfg = Debug|x64
		{A5CCE505-8417-4658-88A6-92B415D97D2F}.Debug|x64.Build.0 = Debug|x64
		{A5CCE505-8417-4658-88A6-92B415D97D2F}.Debug|x86.ActiveCfg = Debug|Win32
		{A5CCE505-8417-4658-88A6-92B415D97D2F}.Debug|x86.Build.0 = Debug|Win32
		{A5CCE505-8417-4658-88A6-92B415D97D2F}.Release|x64.ActiveCfg = Release|x64
		{A5CCE505-8417-4658-88A6-92B415D97D2F}.Release|x64.Build.0 = Release|x64
		{A5CCE505-8417-4658-88A6-92B415D97D2F}.Release|x86.ActiveCfg = Release|Win32
		{A5CCE505-8417-4658-88A6-92B415D97D2F}.Release|x86.Build.0 = Release|Win32
	EndGlobalSection
	GlobalSection(SolutionProperties) = preSolution
		HideSolutionNode = FALSE
	EndGlobalSection
	GlobalSection(ExtensibilityGlobals) = postSolution
		SolutionGuid = {1BD9A8BC-E424-4EED-AC06-D2A2AE361070}
	EndGlobalSection
EndGlobal
